// !$*UTF8*$!
{
	archiveVersion = 1;
	classes = {
	};
	objectVersion = 46;
	objects = {

/* Begin PBXBuildFile section */
		FAC12F78205BC16B0093EE4F /* RNOpenTokEventEmitter.m in Sources */ = {isa = PBXBuildFile; fileRef = FAC12F66205BC16A0093EE4F /* RNOpenTokEventEmitter.m */; };
		FAC12F79205BC16B0093EE4F /* RNOpenTokPublisherViewManager.m in Sources */ = {isa = PBXBuildFile; fileRef = FAC12F67205BC16A0093EE4F /* RNOpenTokPublisherViewManager.m */; };
		FAC12F7A205BC16B0093EE4F /* RNOpenTokSubscriberView.m in Sources */ = {isa = PBXBuildFile; fileRef = FAC12F68205BC16A0093EE4F /* RNOpenTokSubscriberView.m */; };
		FAC12F7B205BC16B0093EE4F /* RNOpenTokSessionObserver.m in Sources */ = {isa = PBXBuildFile; fileRef = FAC12F6A205BC16A0093EE4F /* RNOpenTokSessionObserver.m */; };
		FAC12F7C205BC16B0093EE4F /* RNOpenTokSessionManager.m in Sources */ = {isa = PBXBuildFile; fileRef = FAC12F6C205BC16A0093EE4F /* RNOpenTokSessionManager.m */; };
		FAC12F7D205BC16B0093EE4F /* RNOpenTokScreenSharingCapturer.m in Sources */ = {isa = PBXBuildFile; fileRef = FAC12F6D205BC16A0093EE4F /* RNOpenTokScreenSharingCapturer.m */; };
		FAC12F7E205BC16B0093EE4F /* RNOpenTok.m in Sources */ = {isa = PBXBuildFile; fileRef = FAC12F6F205BC16A0093EE4F /* RNOpenTok.m */; };
		FAC12F7F205BC16B0093EE4F /* RNOpenTokPublisherView.m in Sources */ = {isa = PBXBuildFile; fileRef = FAC12F71205BC16B0093EE4F /* RNOpenTokPublisherView.m */; };
		FAC12F80205BC16B0093EE4F /* RNOpenTokSubscriberViewManager.m in Sources */ = {isa = PBXBuildFile; fileRef = FAC12F76205BC16B0093EE4F /* RNOpenTokSubscriberViewManager.m */; };
/* End PBXBuildFile section */

/* Begin PBXCopyFilesBuildPhase section */
		AD8A565F1D3FAF1400683126 /* CopyFiles */ = {
			isa = PBXCopyFilesBuildPhase;
			buildActionMask = 2147483647;
			dstPath = "include/$(PRODUCT_NAME)";
			dstSubfolderSpec = 16;
			files = (
			);
			runOnlyForDeploymentPostprocessing = 0;
		};
/* End PBXCopyFilesBuildPhase section */

/* Begin PBXFileReference section */
		AD8A56611D3FAF1400683126 /* libRNOpenTok.a */ = {isa = PBXFileReference; explicitFileType = archive.ar; includeInIndex = 0; path = libRNOpenTok.a; sourceTree = BUILT_PRODUCTS_DIR; };
		FA10B56C205BC1F400380B84 /* OpenTok.framework */ = {isa = PBXFileReference; lastKnownFileType = wrapper.framework; name = OpenTok.framework; path = "../OpenTok-iOS/OpenTok.framework"; sourceTree = "<group>"; };
		FAC12F66205BC16A0093EE4F /* RNOpenTokEventEmitter.m */ = {isa = PBXFileReference; fileEncoding = 4; lastKnownFileType = sourcecode.c.objc; path = RNOpenTokEventEmitter.m; sourceTree = "<group>"; };
		FAC12F67205BC16A0093EE4F /* RNOpenTokPublisherViewManager.m */ = {isa = PBXFileReference; fileEncoding = 4; lastKnownFileType = sourcecode.c.objc; path = RNOpenTokPublisherViewManager.m; sourceTree = "<group>"; };
		FAC12F68205BC16A0093EE4F /* RNOpenTokSubscriberView.m */ = {isa = PBXFileReference; fileEncoding = 4; lastKnownFileType = sourcecode.c.objc; path = RNOpenTokSubscriberView.m; sourceTree = "<group>"; };
		FAC12F69205BC16A0093EE4F /* RNOpenTokSessionManager.h */ = {isa = PBXFileReference; fileEncoding = 4; lastKnownFileType = sourcecode.c.h; path = RNOpenTokSessionManager.h; sourceTree = "<group>"; };
		FAC12F6A205BC16A0093EE4F /* RNOpenTokSessionObserver.m */ = {isa = PBXFileReference; fileEncoding = 4; lastKnownFileType = sourcecode.c.objc; path = RNOpenTokSessionObserver.m; sourceTree = "<group>"; };
		FAC12F6B205BC16A0093EE4F /* RNOpenTokEventEmitter.h */ = {isa = PBXFileReference; fileEncoding = 4; lastKnownFileType = sourcecode.c.h; path = RNOpenTokEventEmitter.h; sourceTree = "<group>"; };
		FAC12F6C205BC16A0093EE4F /* RNOpenTokSessionManager.m */ = {isa = PBXFileReference; fileEncoding = 4; lastKnownFileType = sourcecode.c.objc; path = RNOpenTokSessionManager.m; sourceTree = "<group>"; };
		FAC12F6D205BC16A0093EE4F /* RNOpenTokScreenSharingCapturer.m */ = {isa = PBXFileReference; fileEncoding = 4; lastKnownFileType = sourcecode.c.objc; path = RNOpenTokScreenSharingCapturer.m; sourceTree = "<group>"; };
		FAC12F6E205BC16A0093EE4F /* RNOpenTokPublisherViewManager.h */ = {isa = PBXFileReference; fileEncoding = 4; lastKnownFileType = sourcecode.c.h; path = RNOpenTokPublisherViewManager.h; sourceTree = "<group>"; };
		FAC12F6F205BC16A0093EE4F /* RNOpenTok.m */ = {isa = PBXFileReference; fileEncoding = 4; lastKnownFileType = sourcecode.c.objc; path = RNOpenTok.m; sourceTree = "<group>"; };
		FAC12F70205BC16B0093EE4F /* RNOpenTokPublisherView.h */ = {isa = PBXFileReference; fileEncoding = 4; lastKnownFileType = sourcecode.c.h; path = RNOpenTokPublisherView.h; sourceTree = "<group>"; };
		FAC12F71205BC16B0093EE4F /* RNOpenTokPublisherView.m */ = {isa = PBXFileReference; fileEncoding = 4; lastKnownFileType = sourcecode.c.objc; path = RNOpenTokPublisherView.m; sourceTree = "<group>"; };
		FAC12F72205BC16B0093EE4F /* RNOpenTokSessionObserver.h */ = {isa = PBXFileReference; fileEncoding = 4; lastKnownFileType = sourcecode.c.h; path = RNOpenTokSessionObserver.h; sourceTree = "<group>"; };
		FAC12F73205BC16B0093EE4F /* RNOpenTokSubscriberView.h */ = {isa = PBXFileReference; fileEncoding = 4; lastKnownFileType = sourcecode.c.h; path = RNOpenTokSubscriberView.h; sourceTree = "<group>"; };
		FAC12F74205BC16B0093EE4F /* RNOpenTokSubscriberViewManager.h */ = {isa = PBXFileReference; fileEncoding = 4; lastKnownFileType = sourcecode.c.h; path = RNOpenTokSubscriberViewManager.h; sourceTree = "<group>"; };
		FAC12F75205BC16B0093EE4F /* RNOpenTokScreenSharingCapturer.h */ = {isa = PBXFileReference; fileEncoding = 4; lastKnownFileType = sourcecode.c.h; path = RNOpenTokScreenSharingCapturer.h; sourceTree = "<group>"; };
		FAC12F76205BC16B0093EE4F /* RNOpenTokSubscriberViewManager.m */ = {isa = PBXFileReference; fileEncoding = 4; lastKnownFileType = sourcecode.c.objc; path = RNOpenTokSubscriberViewManager.m; sourceTree = "<group>"; };
		FAC12F77205BC16B0093EE4F /* RNOpenTok.h */ = {isa = PBXFileReference; fileEncoding = 4; lastKnownFileType = sourcecode.c.h; path = RNOpenTok.h; sourceTree = "<group>"; };
/* End PBXFileReference section */

/* Begin PBXFrameworksBuildPhase section */
		AD8A565E1D3FAF1400683126 /* Frameworks */ = {
			isa = PBXFrameworksBuildPhase;
			buildActionMask = 2147483647;
			files = (
			);
			runOnlyForDeploymentPostprocessing = 0;
		};
/* End PBXFrameworksBuildPhase section */

/* Begin PBXGroup section */
		AD8A56581D3FAF1400683126 = {
			isa = PBXGroup;
			children = (
				FAC12F77205BC16B0093EE4F /* RNOpenTok.h */,
				FAC12F6F205BC16A0093EE4F /* RNOpenTok.m */,
				FAC12F6B205BC16A0093EE4F /* RNOpenTokEventEmitter.h */,
				FAC12F66205BC16A0093EE4F /* RNOpenTokEventEmitter.m */,
				FAC12F70205BC16B0093EE4F /* RNOpenTokPublisherView.h */,
				FAC12F71205BC16B0093EE4F /* RNOpenTokPublisherView.m */,
				FAC12F6E205BC16A0093EE4F /* RNOpenTokPublisherViewManager.h */,
				FAC12F67205BC16A0093EE4F /* RNOpenTokPublisherViewManager.m */,
				FAC12F75205BC16B0093EE4F /* RNOpenTokScreenSharingCapturer.h */,
				FAC12F6D205BC16A0093EE4F /* RNOpenTokScreenSharingCapturer.m */,
				FAC12F69205BC16A0093EE4F /* RNOpenTokSessionManager.h */,
				FAC12F6C205BC16A0093EE4F /* RNOpenTokSessionManager.m */,
				FAC12F72205BC16B0093EE4F /* RNOpenTokSessionObserver.h */,
				FAC12F6A205BC16A0093EE4F /* RNOpenTokSessionObserver.m */,
				FAC12F73205BC16B0093EE4F /* RNOpenTokSubscriberView.h */,
				FAC12F68205BC16A0093EE4F /* RNOpenTokSubscriberView.m */,
				FAC12F74205BC16B0093EE4F /* RNOpenTokSubscriberViewManager.h */,
				FAC12F76205BC16B0093EE4F /* RNOpenTokSubscriberViewManager.m */,
				AD8A56621D3FAF1400683126 /* Products */,
				FA18C1721DF3E62E0080BC0F /* Frameworks */,
			);
			sourceTree = "<group>";
		};
		AD8A56621D3FAF1400683126 /* Products */ = {
			isa = PBXGroup;
			children = (
				AD8A56611D3FAF1400683126 /* libRNOpenTok.a */,
			);
			name = Products;
			sourceTree = "<group>";
		};
		FA18C1721DF3E62E0080BC0F /* Frameworks */ = {
			isa = PBXGroup;
			children = (
				FA10B56C205BC1F400380B84 /* OpenTok.framework */,
			);
			name = Frameworks;
			sourceTree = "<group>";
		};
/* End PBXGroup section */

/* Begin PBXNativeTarget section */
		AD8A56601D3FAF1400683126 /* RNOpenTok */ = {
			isa = PBXNativeTarget;
			buildConfigurationList = AD8A566A1D3FAF1400683126 /* Build configuration list for PBXNativeTarget "RNOpenTok" */;
			buildPhases = (
				AD8A565D1D3FAF1400683126 /* Sources */,
				AD8A565E1D3FAF1400683126 /* Frameworks */,
				AD8A565F1D3FAF1400683126 /* CopyFiles */,
			);
			buildRules = (
			);
			dependencies = (
			);
			name = RNOpenTok;
			productName = RNOpenTok;
			productReference = AD8A56611D3FAF1400683126 /* libRNOpenTok.a */;
			productType = "com.apple.product-type.library.static";
		};
/* End PBXNativeTarget section */

/* Begin PBXProject section */
		AD8A56591D3FAF1400683126 /* Project object */ = {
			isa = PBXProject;
			attributes = {
				LastUpgradeCheck = 0730;
				ORGANIZATIONNAME = eVisit;
				TargetAttributes = {
					AD8A56601D3FAF1400683126 = {
						CreatedOnToolsVersion = 7.3.1;
					};
				};
			};
			buildConfigurationList = AD8A565C1D3FAF1400683126 /* Build configuration list for PBXProject "RNOpenTok" */;
			compatibilityVersion = "Xcode 3.2";
			developmentRegion = English;
			hasScannedForEncodings = 0;
			knownRegions = (
				en,
			);
			mainGroup = AD8A56581D3FAF1400683126;
			productRefGroup = AD8A56621D3FAF1400683126 /* Products */;
			projectDirPath = "";
			projectRoot = "";
			targets = (
				AD8A56601D3FAF1400683126 /* RNOpenTok */,
			);
		};
/* End PBXProject section */

/* Begin PBXSourcesBuildPhase section */
		AD8A565D1D3FAF1400683126 /* Sources */ = {
			isa = PBXSourcesBuildPhase;
			buildActionMask = 2147483647;
			files = (
				FAC12F7D205BC16B0093EE4F /* RNOpenTokScreenSharingCapturer.m in Sources */,
				FAC12F7C205BC16B0093EE4F /* RNOpenTokSessionManager.m in Sources */,
				FAC12F7E205BC16B0093EE4F /* RNOpenTok.m in Sources */,
				FAC12F79205BC16B0093EE4F /* RNOpenTokPublisherViewManager.m in Sources */,
				FAC12F7F205BC16B0093EE4F /* RNOpenTokPublisherView.m in Sources */,
				FAC12F80205BC16B0093EE4F /* RNOpenTokSubscriberViewManager.m in Sources */,
				FAC12F7B205BC16B0093EE4F /* RNOpenTokSessionObserver.m in Sources */,
				FAC12F7A205BC16B0093EE4F /* RNOpenTokSubscriberView.m in Sources */,
				FAC12F78205BC16B0093EE4F /* RNOpenTokEventEmitter.m in Sources */,
			);
			runOnlyForDeploymentPostprocessing = 0;
		};
/* End PBXSourcesBuildPhase section */

/* Begin XCBuildConfiguration section */
		AD8A56681D3FAF1400683126 /* Debug */ = {
			isa = XCBuildConfiguration;
			buildSettings = {
				ALWAYS_SEARCH_USER_PATHS = NO;
				CLANG_CXX_LANGUAGE_STANDARD = "gnu++0x";
				CLANG_CXX_LIBRARY = "libc++";
				CLANG_ENABLE_MODULES = YES;
				CLANG_ENABLE_OBJC_ARC = YES;
				CLANG_WARN_BOOL_CONVERSION = YES;
				CLANG_WARN_CONSTANT_CONVERSION = YES;
				CLANG_WARN_DIRECT_OBJC_ISA_USAGE = YES_ERROR;
				CLANG_WARN_EMPTY_BODY = YES;
				CLANG_WARN_ENUM_CONVERSION = YES;
				CLANG_WARN_INT_CONVERSION = YES;
				CLANG_WARN_OBJC_ROOT_CLASS = YES_ERROR;
				CLANG_WARN_UNREACHABLE_CODE = YES;
				CLANG_WARN__DUPLICATE_METHOD_MATCH = YES;
				COPY_PHASE_STRIP = NO;
				DEBUG_INFORMATION_FORMAT = dwarf;
				ENABLE_STRICT_OBJC_MSGSEND = YES;
				ENABLE_TESTABILITY = YES;
				GCC_C_LANGUAGE_STANDARD = gnu99;
				GCC_DYNAMIC_NO_PIC = NO;
				GCC_NO_COMMON_BLOCKS = YES;
				GCC_OPTIMIZATION_LEVEL = 0;
				GCC_PREPROCESSOR_DEFINITIONS = (
					"DEBUG=1",
					"$(inherited)",
				);
				GCC_WARN_64_TO_32_BIT_CONVERSION = YES;
				GCC_WARN_ABOUT_RETURN_TYPE = YES_ERROR;
				GCC_WARN_UNDECLARED_SELECTOR = YES;
				GCC_WARN_UNINITIALIZED_AUTOS = YES_AGGRESSIVE;
				GCC_WARN_UNUSED_FUNCTION = YES;
				GCC_WARN_UNUSED_VARIABLE = YES;
				IPHONEOS_DEPLOYMENT_TARGET = 9.3;
				MTL_ENABLE_DEBUG_INFO = YES;
				ONLY_ACTIVE_ARCH = YES;
				SDKROOT = iphoneos;
			};
			name = Debug;
		};
		AD8A56691D3FAF1400683126 /* Release */ = {
			isa = XCBuildConfiguration;
			buildSettings = {
				ALWAYS_SEARCH_USER_PATHS = NO;
				CLANG_ANALYZER_NONNULL = YES;
				CLANG_CXX_LANGUAGE_STANDARD = "gnu++0x";
				CLANG_CXX_LIBRARY = "libc++";
				CLANG_ENABLE_MODULES = YES;
				CLANG_ENABLE_OBJC_ARC = YES;
				CLANG_WARN_BOOL_CONVERSION = YES;
				CLANG_WARN_CONSTANT_CONVERSION = YES;
				CLANG_WARN_DIRECT_OBJC_ISA_USAGE = YES_ERROR;
				CLANG_WARN_EMPTY_BODY = YES;
				CLANG_WARN_ENUM_CONVERSION = YES;
				CLANG_WARN_INT_CONVERSION = YES;
				CLANG_WARN_OBJC_ROOT_CLASS = YES_ERROR;
				CLANG_WARN_UNREACHABLE_CODE = YES;
				CLANG_WARN__DUPLICATE_METHOD_MATCH = YES;
				COPY_PHASE_STRIP = NO;
				DEBUG_INFORMATION_FORMAT = "dwarf-with-dsym";
				ENABLE_NS_ASSERTIONS = NO;
				ENABLE_STRICT_OBJC_MSGSEND = YES;
				GCC_C_LANGUAGE_STANDARD = gnu99;
				GCC_NO_COMMON_BLOCKS = YES;
				GCC_WARN_64_TO_32_BIT_CONVERSION = YES;
				GCC_WARN_ABOUT_RETURN_TYPE = YES_ERROR;
				GCC_WARN_UNDECLARED_SELECTOR = YES;
				GCC_WARN_UNINITIALIZED_AUTOS = YES_AGGRESSIVE;
				GCC_WARN_UNUSED_FUNCTION = YES;
				GCC_WARN_UNUSED_VARIABLE = YES;
				IPHONEOS_DEPLOYMENT_TARGET = 9.3;
				MTL_ENABLE_DEBUG_INFO = NO;
				SDKROOT = iphoneos;
				VALIDATE_PRODUCT = YES;
			};
			name = Release;
		};
		AD8A566B1D3FAF1400683126 /* Debug */ = {
			isa = XCBuildConfiguration;
			buildSettings = {
				FRAMEWORK_SEARCH_PATHS = (
					"$(inherited)",
					"$(SRCROOT)/../OpenTok-iOS",
				);
				HEADER_SEARCH_PATHS = "$(inherited)";
				OTHER_LDFLAGS = "-ObjC";
				PRODUCT_NAME = "$(TARGET_NAME)";
				SKIP_INSTALL = YES;
			};
			name = Debug;
		};
		AD8A566C1D3FAF1400683126 /* Release */ = {
			isa = XCBuildConfiguration;
			buildSettings = {
				FRAMEWORK_SEARCH_PATHS = (
					"$(inherited)",
					"$(SRCROOT)/../OpenTok-iOS",
				);
				HEADER_SEARCH_PATHS = "$(inherited)";
				OTHER_LDFLAGS = "-ObjC";
				PRODUCT_NAME = "$(TARGET_NAME)";
				SKIP_INSTALL = YES;
			};
			name = Release;
		};
/* End XCBuildConfiguration section */

/* Begin XCConfigurationList section */
		AD8A565C1D3FAF1400683126 /* Build configuration list for PBXProject "RNOpenTok" */ = {
			isa = XCConfigurationList;
			buildConfigurations = (
				AD8A56681D3FAF1400683126 /* Debug */,
				AD8A56691D3FAF1400683126 /* Release */,
			);
			defaultConfigurationIsVisible = 0;
			defaultConfigurationName = Release;
		};
		AD8A566A1D3FAF1400683126 /* Build configuration list for PBXNativeTarget "RNOpenTok" */ = {
			isa = XCConfigurationList;
			buildConfigurations = (
				AD8A566B1D3FAF1400683126 /* Debug */,
				AD8A566C1D3FAF1400683126 /* Release */,
			);
			defaultConfigurationIsVisible = 0;
			defaultConfigurationName = Release;
		};
/* End XCConfigurationList section */
	};
	rootObject = AD8A56591D3FAF1400683126 /* Project object */;
}
