PODS:
  - OpenTok (2.8.3)
  - React (0.32.0):
    - React/Core (= 0.32.0)
  - react-native-opentok (0.0.1):
    - OpenTok
    - React
  - React/Core (0.32.0):
    - React/CSSLayout
  - React/CSSLayout (0.32.0)
  - React/RCTActionSheet (0.32.0):
    - React/Core
  - React/RCTGeolocation (0.32.0):
    - React/Core
  - React/RCTImage (0.32.0):
    - React/Core
    - React/RCTNetwork
  - React/RCTNetwork (0.32.0):
    - React/Core
  - React/RCTSettings (0.32.0):
    - React/Core
  - React/RCTText (0.32.0):
    - React/Core
  - React/RCTVibration (0.32.0):
    - React/Core
  - React/RCTWebSocket (0.32.0):
    - React/Core

DEPENDENCIES:
  - react-native-opentok (from `../../../`)
  - React/RCTActionSheet (from `../node_modules/react-native`)
  - React/RCTGeolocation (from `../node_modules/react-native`)
  - React/RCTImage (from `../node_modules/react-native`)
  - React/RCTNetwork (from `../node_modules/react-native`)
  - React/RCTSettings (from `../node_modules/react-native`)
  - React/RCTText (from `../node_modules/react-native`)
  - React/RCTVibration (from `../node_modules/react-native`)
  - React/RCTWebSocket (from `../node_modules/react-native`)

EXTERNAL SOURCES:
  React:
    :path: "../node_modules/react-native"
  react-native-opentok:
    :path: "../../../"

SPEC CHECKSUMS:
  OpenTok: ad14a09847ba5d6485820f5946484b749de944d7
  React: 0245b401173a94a5fba0f440aab3fb2f79b738f3
  react-native-opentok: 6138d482ebc4455eacafc712282b323044ecc8da

PODFILE CHECKSUM: 85946f8c1a9d9b290024edb7d0e17d3ebb5a48ad

COCOAPODS: 1.0.1
