PODS:
  - OpenTok (2.11.4)
  - React (0.48.2):
    - React/Core (= 0.48.2)
  - React/BatchedBridge (0.48.2):
    - React/Core
    - React/cxxreact_legacy
  - React/Core (0.48.2):
    - Yoga (= 0.48.2.React)
  - React/cxxreact_legacy (0.48.2):
    - React/jschelpers_legacy
  - React/jschelpers_legacy (0.48.2)
  - React/RCTActionSheet (0.48.2):
    - React/Core
  - React/RCTAnimation (0.48.2):
    - React/Core
  - React/RCTBlob (0.48.2):
    - React/Core
  - React/RCTGeolocation (0.48.2):
    - React/Core
  - React/RCTImage (0.48.2):
    - React/Core
    - React/RCTNetwork
  - React/RCTLinkingIOS (0.48.2):
    - React/Core
  - React/RCTNetwork (0.48.2):
    - React/Core
  - React/RCTSettings (0.48.2):
    - React/Core
  - React/RCTText (0.48.2):
    - React/Core
  - React/RCTVibration (0.48.2):
    - React/Core
  - React/RCTWebSocket (0.48.2):
    - React/Core
    - React/RCTBlob
  - RNOpenTok (0.0.1):
    - OpenTok
    - React
    - Yoga
  - Yoga (0.48.2.React)

DEPENDENCIES:
  - React/BatchedBridge (from `../../node_modules/react-native`)
  - React/Core (from `../../node_modules/react-native`)
  - React/RCTActionSheet (from `../../node_modules/react-native`)
  - React/RCTAnimation (from `../../node_modules/react-native`)
  - React/RCTGeolocation (from `../../node_modules/react-native`)
  - React/RCTImage (from `../../node_modules/react-native`)
  - React/RCTLinkingIOS (from `../../node_modules/react-native`)
  - React/RCTNetwork (from `../../node_modules/react-native`)
  - React/RCTSettings (from `../../node_modules/react-native`)
  - React/RCTText (from `../../node_modules/react-native`)
  - React/RCTVibration (from `../../node_modules/react-native`)
  - React/RCTWebSocket (from `../../node_modules/react-native`)
  - RNOpenTok (from `../..`)
  - Yoga (from `../../node_modules/react-native/ReactCommon/yoga/Yoga.podspec`)

EXTERNAL SOURCES:
  React:
    :path: ../../node_modules/react-native
  RNOpenTok:
    :path: ../..
  Yoga:
    :path: ../../node_modules/react-native/ReactCommon/yoga/Yoga.podspec

SPEC CHECKSUMS:
  OpenTok: 7ac36eed47f19a0190b2f083fc4339bb309badd7
  React: 9ed466c0074c63cb4912a6e0c509bc24870497b8
  RNOpenTok: 64dc64104eddcc4bada6afab403a8264618ff08f
  Yoga: 15a7ea18cce3efdfd8d218bc8b94273bec0a4dda

PODFILE CHECKSUM: a03d282caa0ce1af43674bf17b73f6727e175ec8

COCOAPODS: 1.2.1
