PODS:
  - OpenTok (2.12.0)
  - React (0.48.2):
    - React/Core (= 0.48.2)
  - React/Core (0.48.2):
    - Yoga (= 0.48.2.React)
  - RNOpenTok (0.0.1):
    - OpenTok
    - React
  - Yoga (0.48.2.React)

DEPENDENCIES:
  - React (from `../../node_modules/react-native`)
  - RNOpenTok (from `../../ios`)
  - Yoga (from `../../node_modules/react-native/ReactCommon/yoga/yoga.podspec`)

EXTERNAL SOURCES:
  React:
    :path: ../../node_modules/react-native
  RNOpenTok:
    :path: ../../ios
  Yoga:
    :path: ../../node_modules/react-native/ReactCommon/yoga/yoga.podspec

SPEC CHECKSUMS:
  OpenTok: fe7964ca1c1c80cd3b31cfbe63d918475322ba69
  React: 9ed466c0074c63cb4912a6e0c509bc24870497b8
  RNOpenTok: 65756214e683af423ed13f1678da0b83bd5c8870
  Yoga: 15a7ea18cce3efdfd8d218bc8b94273bec0a4dda

PODFILE CHECKSUM: 1dba760189f1278bb11f74176f4120fe75d28ef3

COCOAPODS: 1.3.1
