PODS:
  - OpenTok (2.11.4)
  - React (0.49.3):
    - React/Core (= 0.49.3)
  - React/Core (0.49.3):
    - yoga (= 0.49.3.React)
  - RNOpenTok (0.0.1):
    - OpenTok
    - React
  - yoga (0.49.3.React)

DEPENDENCIES:
  - React (from `../../node_modules/react-native`)
  - RNOpenTok (from `../..`)
  - yoga (from `../../node_modules/react-native/ReactCommon/yoga/yoga.podspec`)

EXTERNAL SOURCES:
  React:
    :path: ../../node_modules/react-native
  RNOpenTok:
    :path: ../..
  yoga:
    :path: ../../node_modules/react-native/ReactCommon/yoga/yoga.podspec

SPEC CHECKSUMS:
  OpenTok: 7ac36eed47f19a0190b2f083fc4339bb309badd7
  React: 5751f5630c58f7ef31a00cf03044878295bceff0
  RNOpenTok: 43660672d4f1e987b50fb894ce6f77a074f06b6f
  yoga: 6e56575501ecea04196f9c9f08b90cf97cd5da24

PODFILE CHECKSUM: 7ed14bd34c24a98d28c949dd65040148c4afc119

COCOAPODS: 1.2.1
